
Microsoft Visual Studio Solution File, Format Version 12.00
# Visual Studio Version 16
VisualStudioVersion = 16.0.28803.202
MinimumVisualStudioVersion = 10.0.40219.1
Project("{FAE04EC0-301F-11D3-BF4B-00C04F79EFBC}") = "NewProje", "NewProje\NewProje.csproj", "{072BD601-6610-46E1-A2F1-3742D00E5274}"
EndProject
Global
	GlobalSection(SolutionConfigurationPlatforms) = preSolution
		Debug|Any CPU = Debug|Any CPU
		Release|Any CPU = Release|Any CPU
	EndGlobalSection
	GlobalSection(ProjectConfigurationPlatforms) = postSolution
		{072BD601-6610-46E1-A2F1-3742D00E5274}.Debug|Any CPU.ActiveCfg = Debug|Any CPU
		{072BD601-6610-46E1-A2F1-3742D00E5274}.Debug|Any CPU.Build.0 = Debug|Any CPU
		{072BD601-6610-46E1-A2F1-3742D00E5274}.Release|Any CPU.ActiveCfg = Release|Any CPU
		{072BD601-6610-46E1-A2F1-3742D00E5274}.Release|Any CPU.Build.0 = Release|Any CPU
	EndGlobalSection
	GlobalSection(SolutionProperties) = preSolution
		HideSolutionNode = FALSE
	EndGlobalSection
	GlobalSection(ExtensibilityGlobals) = postSolution
		SolutionGuid = {1776717F-8C1F-4B73-BFFA-FF4F141A0A1B}
	EndGlobalSection
EndGlobal
